// !$*UTF8*$!
{
	archiveVersion = 1;
	classes = {
	};
	objectVersion = 46;
	objects = {

/* Begin PBXBuildFile section */
		635974941A036EDB00C64B5E /* FeedItem.swift in Sources */ = {isa = PBXBuildFile; fileRef = 635974931A036EDB00C64B5E /* FeedItem.swift */; };
		636ADB1F1A02DD8700C9CA36 /* AppDelegate.swift in Sources */ = {isa = PBXBuildFile; fileRef = 636ADB1E1A02DD8700C9CA36 /* AppDelegate.swift */; };
		636ADB221A02DD8700C9CA36 /* ExchangeAGram.xcdatamodeld in Sources */ = {isa = PBXBuildFile; fileRef = 636ADB201A02DD8700C9CA36 /* ExchangeAGram.xcdatamodeld */; };
		636ADB271A02DD8700C9CA36 /* Main.storyboard in Resources */ = {isa = PBXBuildFile; fileRef = 636ADB251A02DD8700C9CA36 /* Main.storyboard */; };
		636ADB291A02DD8700C9CA36 /* Images.xcassets in Resources */ = {isa = PBXBuildFile; fileRef = 636ADB281A02DD8700C9CA36 /* Images.xcassets */; };
		636ADB2C1A02DD8700C9CA36 /* LaunchScreen.xib in Resources */ = {isa = PBXBuildFile; fileRef = 636ADB2A1A02DD8700C9CA36 /* LaunchScreen.xib */; };
		636ADB381A02DD8700C9CA36 /* ExchangeAGramTests.swift in Sources */ = {isa = PBXBuildFile; fileRef = 636ADB371A02DD8700C9CA36 /* ExchangeAGramTests.swift */; };
		636ADB421A02DE1D00C9CA36 /* FeedViewController.swift in Sources */ = {isa = PBXBuildFile; fileRef = 636ADB411A02DE1D00C9CA36 /* FeedViewController.swift */; };
		63B256D31A02E265001BC1CD /* FeedCell.swift in Sources */ = {isa = PBXBuildFile; fileRef = 63B256D21A02E265001BC1CD /* FeedCell.swift */; };
		63B256D51A02E46A001BC1CD /* MobileCoreServices.framework in Frameworks */ = {isa = PBXBuildFile; fileRef = 63B256D41A02E46A001BC1CD /* MobileCoreServices.framework */; };
		63B256DB1A02F48A001BC1CD /* FilterViewController.swift in Sources */ = {isa = PBXBuildFile; fileRef = 63B256DA1A02F48A001BC1CD /* FilterViewController.swift */; };
		63B256DD1A02F878001BC1CD /* FilterCell.swift in Sources */ = {isa = PBXBuildFile; fileRef = 63B256DC1A02F878001BC1CD /* FilterCell.swift */; };
/* End PBXBuildFile section */

/* Begin PBXContainerItemProxy section */
		636ADB321A02DD8700C9CA36 /* PBXContainerItemProxy */ = {
			isa = PBXContainerItemProxy;
			containerPortal = 636ADB111A02DD8700C9CA36 /* Project object */;
			proxyType = 1;
			remoteGlobalIDString = 636ADB181A02DD8700C9CA36;
			remoteInfo = ExchangeAGram;
		};
/* End PBXContainerItemProxy section */

/* Begin PBXFileReference section */
		635974931A036EDB00C64B5E /* FeedItem.swift */ = {isa = PBXFileReference; fileEncoding = 4; lastKnownFileType = sourcecode.swift; path = FeedItem.swift; sourceTree = "<group>"; };
		636ADB191A02DD8700C9CA36 /* ExchangeAGram.app */ = {isa = PBXFileReference; explicitFileType = wrapper.application; includeInIndex = 0; path = ExchangeAGram.app; sourceTree = BUILT_PRODUCTS_DIR; };
		636ADB1D1A02DD8700C9CA36 /* Info.plist */ = {isa = PBXFileReference; lastKnownFileType = text.plist.xml; path = Info.plist; sourceTree = "<group>"; };
		636ADB1E1A02DD8700C9CA36 /* AppDelegate.swift */ = {isa = PBXFileReference; lastKnownFileType = sourcecode.swift; path = AppDelegate.swift; sourceTree = "<group>"; };
		636ADB211A02DD8700C9CA36 /* ExchangeAGram.xcdatamodel */ = {isa = PBXFileReference; lastKnownFileType = wrapper.xcdatamodel; path = ExchangeAGram.xcdatamodel; sourceTree = "<group>"; };
		636ADB261A02DD8700C9CA36 /* Base */ = {isa = PBXFileReference; lastKnownFileType = file.storyboard; name = Base; path = Base.lproj/Main.storyboard; sourceTree = "<group>"; };
		636ADB281A02DD8700C9CA36 /* Images.xcassets */ = {isa = PBXFileReference; lastKnownFileType = folder.assetcatalog; path = Images.xcassets; sourceTree = "<group>"; };
		636ADB2B1A02DD8700C9CA36 /* Base */ = {isa = PBXFileReference; lastKnownFileType = file.xib; name = Base; path = Base.lproj/LaunchScreen.xib; sourceTree = "<group>"; };
		636ADB311A02DD8700C9CA36 /* ExchangeAGramTests.xctest */ = {isa = PBXFileReference; explicitFileType = wrapper.cfbundle; includeInIndex = 0; path = ExchangeAGramTests.xctest; sourceTree = BUILT_PRODUCTS_DIR; };
		636ADB361A02DD8700C9CA36 /* Info.plist */ = {isa = PBXFileReference; lastKnownFileType = text.plist.xml; path = Info.plist; sourceTree = "<group>"; };
		636ADB371A02DD8700C9CA36 /* ExchangeAGramTests.swift */ = {isa = PBXFileReference; lastKnownFileType = sourcecode.swift; path = ExchangeAGramTests.swift; sourceTree = "<group>"; };
		636ADB411A02DE1D00C9CA36 /* FeedViewController.swift */ = {isa = PBXFileReference; fileEncoding = 4; lastKnownFileType = sourcecode.swift; path = FeedViewController.swift; sourceTree = "<group>"; };
		63B256D21A02E265001BC1CD /* FeedCell.swift */ = {isa = PBXFileReference; fileEncoding = 4; lastKnownFileType = sourcecode.swift; path = FeedCell.swift; sourceTree = "<group>"; };
		63B256D41A02E46A001BC1CD /* MobileCoreServices.framework */ = {isa = PBXFileReference; lastKnownFileType = wrapper.framework; name = MobileCoreServices.framework; path = System/Library/Frameworks/MobileCoreServices.framework; sourceTree = SDKROOT; };
		63B256DA1A02F48A001BC1CD /* FilterViewController.swift */ = {isa = PBXFileReference; fileEncoding = 4; lastKnownFileType = sourcecode.swift; path = FilterViewController.swift; sourceTree = "<group>"; };
		63B256DC1A02F878001BC1CD /* FilterCell.swift */ = {isa = PBXFileReference; fileEncoding = 4; lastKnownFileType = sourcecode.swift; path = FilterCell.swift; sourceTree = "<group>"; };
/* End PBXFileReference section */

/* Begin PBXFrameworksBuildPhase section */
		636ADB161A02DD8700C9CA36 /* Frameworks */ = {
			isa = PBXFrameworksBuildPhase;
			buildActionMask = 2147483647;
			files = (
				63B256D51A02E46A001BC1CD /* MobileCoreServices.framework in Frameworks */,
			);
			runOnlyForDeploymentPostprocessing = 0;
		};
		636ADB2E1A02DD8700C9CA36 /* Frameworks */ = {
			isa = PBXFrameworksBuildPhase;
			buildActionMask = 2147483647;
			files = (
			);
			runOnlyForDeploymentPostprocessing = 0;
		};
/* End PBXFrameworksBuildPhase section */

/* Begin PBXGroup section */
		635974951A036F2300C64B5E /* Model */ = {
			isa = PBXGroup;
			children = (
				636ADB201A02DD8700C9CA36 /* ExchangeAGram.xcdatamodeld */,
				635974931A036EDB00C64B5E /* FeedItem.swift */,
			);
			name = Model;
			sourceTree = "<group>";
		};
		636ADB101A02DD8700C9CA36 = {
			isa = PBXGroup;
			children = (
				636ADB1B1A02DD8700C9CA36 /* ExchangeAGram */,
				636ADB341A02DD8700C9CA36 /* ExchangeAGramTests */,
				636ADB1A1A02DD8700C9CA36 /* Products */,
			);
			sourceTree = "<group>";
		};
		636ADB1A1A02DD8700C9CA36 /* Products */ = {
			isa = PBXGroup;
			children = (
				636ADB191A02DD8700C9CA36 /* ExchangeAGram.app */,
				636ADB311A02DD8700C9CA36 /* ExchangeAGramTests.xctest */,
			);
			name = Products;
			sourceTree = "<group>";
		};
		636ADB1B1A02DD8700C9CA36 /* ExchangeAGram */ = {
			isa = PBXGroup;
			children = (
				636ADB1E1A02DD8700C9CA36 /* AppDelegate.swift */,
				636ADB411A02DE1D00C9CA36 /* FeedViewController.swift */,
				63B256D21A02E265001BC1CD /* FeedCell.swift */,
				63B256DA1A02F48A001BC1CD /* FilterViewController.swift */,
				63B256DC1A02F878001BC1CD /* FilterCell.swift */,
				636ADB251A02DD8700C9CA36 /* Main.storyboard */,
				636ADB281A02DD8700C9CA36 /* Images.xcassets */,
				636ADB2A1A02DD8700C9CA36 /* LaunchScreen.xib */,
				635974951A036F2300C64B5E /* Model */,
				636ADB1C1A02DD8700C9CA36 /* Supporting Files */,
			);
			path = ExchangeAGram;
			sourceTree = "<group>";
		};
		636ADB1C1A02DD8700C9CA36 /* Supporting Files */ = {
			isa = PBXGroup;
			children = (
				63B256D41A02E46A001BC1CD /* MobileCoreServices.framework */,
				636ADB1D1A02DD8700C9CA36 /* Info.plist */,
			);
			name = "Supporting Files";
			sourceTree = "<group>";
		};
		636ADB341A02DD8700C9CA36 /* ExchangeAGramTests */ = {
			isa = PBXGroup;
			children = (
				636ADB371A02DD8700C9CA36 /* ExchangeAGramTests.swift */,
				636ADB351A02DD8700C9CA36 /* Supporting Files */,
			);
			path = ExchangeAGramTests;
			sourceTree = "<group>";
		};
		636ADB351A02DD8700C9CA36 /* Supporting Files */ = {
			isa = PBXGroup;
			children = (
				636ADB361A02DD8700C9CA36 /* Info.plist */,
			);
			name = "Supporting Files";
			sourceTree = "<group>";
		};
/* End PBXGroup section */

/* Begin PBXNativeTarget section */
		636ADB181A02DD8700C9CA36 /* ExchangeAGram */ = {
			isa = PBXNativeTarget;
			buildConfigurationList = 636ADB3B1A02DD8700C9CA36 /* Build configuration list for PBXNativeTarget "ExchangeAGram" */;
			buildPhases = (
				636ADB151A02DD8700C9CA36 /* Sources */,
				636ADB161A02DD8700C9CA36 /* Frameworks */,
				636ADB171A02DD8700C9CA36 /* Resources */,
			);
			buildRules = (
			);
			dependencies = (
			);
			name = ExchangeAGram;
			productName = ExchangeAGram;
			productReference = 636ADB191A02DD8700C9CA36 /* ExchangeAGram.app */;
			productType = "com.apple.product-type.application";
		};
		636ADB301A02DD8700C9CA36 /* ExchangeAGramTests */ = {
			isa = PBXNativeTarget;
			buildConfigurationList = 636ADB3E1A02DD8700C9CA36 /* Build configuration list for PBXNativeTarget "ExchangeAGramTests" */;
			buildPhases = (
				636ADB2D1A02DD8700C9CA36 /* Sources */,
				636ADB2E1A02DD8700C9CA36 /* Frameworks */,
				636ADB2F1A02DD8700C9CA36 /* Resources */,
			);
			buildRules = (
			);
			dependencies = (
				636ADB331A02DD8700C9CA36 /* PBXTargetDependency */,
			);
			name = ExchangeAGramTests;
			productName = ExchangeAGramTests;
			productReference = 636ADB311A02DD8700C9CA36 /* ExchangeAGramTests.xctest */;
			productType = "com.apple.product-type.bundle.unit-test";
		};
/* End PBXNativeTarget section */

/* Begin PBXProject section */
		636ADB111A02DD8700C9CA36 /* Project object */ = {
			isa = PBXProject;
			attributes = {
				LastUpgradeCheck = 0610;
				ORGANIZATIONNAME = "Piri-Piri";
				TargetAttributes = {
					636ADB181A02DD8700C9CA36 = {
						CreatedOnToolsVersion = 6.1;
					};
					636ADB301A02DD8700C9CA36 = {
						CreatedOnToolsVersion = 6.1;
						TestTargetID = 636ADB181A02DD8700C9CA36;
					};
				};
			};
			buildConfigurationList = 636ADB141A02DD8700C9CA36 /* Build configuration list for PBXProject "ExchangeAGram" */;
			compatibilityVersion = "Xcode 3.2";
			developmentRegion = English;
			hasScannedForEncodings = 0;
			knownRegions = (
				en,
				Base,
			);
			mainGroup = 636ADB101A02DD8700C9CA36;
			productRefGroup = 636ADB1A1A02DD8700C9CA36 /* Products */;
			projectDirPath = "";
			projectRoot = "";
			targets = (
				636ADB181A02DD8700C9CA36 /* ExchangeAGram */,
				636ADB301A02DD8700C9CA36 /* ExchangeAGramTests */,
			);
		};
/* End PBXProject section */

/* Begin PBXResourcesBuildPhase section */
		636ADB171A02DD8700C9CA36 /* Resources */ = {
			isa = PBXResourcesBuildPhase;
			buildActionMask = 2147483647;
			files = (
				636ADB271A02DD8700C9CA36 /* Main.storyboard in Resources */,
				636ADB2C1A02DD8700C9CA36 /* LaunchScreen.xib in Resources */,
				636ADB291A02DD8700C9CA36 /* Images.xcassets in Resources */,
			);
			runOnlyForDeploymentPostprocessing = 0;
		};
		636ADB2F1A02DD8700C9CA36 /* Resources */ = {
			isa = PBXResourcesBuildPhase;
			buildActionMask = 2147483647;
			files = (
			);
			runOnlyForDeploymentPostprocessing = 0;
		};
/* End PBXResourcesBuildPhase section */

/* Begin PBXSourcesBuildPhase section */
		636ADB151A02DD8700C9CA36 /* Sources */ = {
			isa = PBXSourcesBuildPhase;
			buildActionMask = 2147483647;
			files = (
				63B256DD1A02F878001BC1CD /* FilterCell.swift in Sources */,
				63B256DB1A02F48A001BC1CD /* FilterViewController.swift in Sources */,
				636ADB1F1A02DD8700C9CA36 /* AppDelegate.swift in Sources */,
				63B256D31A02E265001BC1CD /* FeedCell.swift in Sources */,
				636ADB421A02DE1D00C9CA36 /* FeedViewController.swift in Sources */,
				635974941A036EDB00C64B5E /* FeedItem.swift in Sources */,
				636ADB221A02DD8700C9CA36 /* ExchangeAGram.xcdatamodeld in Sources */,
			);
			runOnlyForDeploymentPostprocessing = 0;
		};
		636ADB2D1A02DD8700C9CA36 /* Sources */ = {
			isa = PBXSourcesBuildPhase;
			buildActionMask = 2147483647;
			files = (
				636ADB381A02DD8700C9CA36 /* ExchangeAGramTests.swift in Sources */,
			);
			runOnlyForDeploymentPostprocessing = 0;
		};
/* End PBXSourcesBuildPhase section */

/* Begin PBXTargetDependency section */
		636ADB331A02DD8700C9CA36 /* PBXTargetDependency */ = {
			isa = PBXTargetDependency;
			target = 636ADB181A02DD8700C9CA36 /* ExchangeAGram */;
			targetProxy = 636ADB321A02DD8700C9CA36 /* PBXContainerItemProxy */;
		};
/* End PBXTargetDependency section */

/* Begin PBXVariantGroup section */
		636ADB251A02DD8700C9CA36 /* Main.storyboard */ = {
			isa = PBXVariantGroup;
			children = (
				636ADB261A02DD8700C9CA36 /* Base */,
			);
			name = Main.storyboard;
			sourceTree = "<group>";
		};
		636ADB2A1A02DD8700C9CA36 /* LaunchScreen.xib */ = {
			isa = PBXVariantGroup;
			children = (
				636ADB2B1A02DD8700C9CA36 /* Base */,
			);
			name = LaunchScreen.xib;
			sourceTree = "<group>";
		};
/* End PBXVariantGroup section */

/* Begin XCBuildConfiguration section */
		636ADB391A02DD8700C9CA36 /* Debug */ = {
			isa = XCBuildConfiguration;
			buildSettings = {
				ALWAYS_SEARCH_USER_PATHS = NO;
				CLANG_CXX_LANGUAGE_STANDARD = "gnu++0x";
				CLANG_CXX_LIBRARY = "libc++";
				CLANG_ENABLE_MODULES = YES;
				CLANG_ENABLE_OBJC_ARC = YES;
				CLANG_WARN_BOOL_CONVERSION = YES;
				CLANG_WARN_CONSTANT_CONVERSION = YES;
				CLANG_WARN_DIRECT_OBJC_ISA_USAGE = YES_ERROR;
				CLANG_WARN_EMPTY_BODY = YES;
				CLANG_WARN_ENUM_CONVERSION = YES;
				CLANG_WARN_INT_CONVERSION = YES;
				CLANG_WARN_OBJC_ROOT_CLASS = YES_ERROR;
				CLANG_WARN_UNREACHABLE_CODE = YES;
				CLANG_WARN__DUPLICATE_METHOD_MATCH = YES;
				"CODE_SIGN_IDENTITY[sdk=iphoneos*]" = "iPhone Developer";
				COPY_PHASE_STRIP = NO;
				ENABLE_STRICT_OBJC_MSGSEND = YES;
				GCC_C_LANGUAGE_STANDARD = gnu99;
				GCC_DYNAMIC_NO_PIC = NO;
				GCC_OPTIMIZATION_LEVEL = 0;
				GCC_PREPROCESSOR_DEFINITIONS = (
					"DEBUG=1",
					"$(inherited)",
				);
				GCC_SYMBOLS_PRIVATE_EXTERN = NO;
				GCC_WARN_64_TO_32_BIT_CONVERSION = YES;
				GCC_WARN_ABOUT_RETURN_TYPE = YES_ERROR;
				GCC_WARN_UNDECLARED_SELECTOR = YES;
				GCC_WARN_UNINITIALIZED_AUTOS = YES_AGGRESSIVE;
				GCC_WARN_UNUSED_FUNCTION = YES;
				GCC_WARN_UNUSED_VARIABLE = YES;
				IPHONEOS_DEPLOYMENT_TARGET = 8.1;
				MTL_ENABLE_DEBUG_INFO = YES;
				ONLY_ACTIVE_ARCH = YES;
				SDKROOT = iphoneos;
				SWIFT_OPTIMIZATION_LEVEL = "-Onone";
				TARGETED_DEVICE_FAMILY = "1,2";
			};
			name = Debug;
		};
		636ADB3A1A02DD8700C9CA36 /* Release */ = {
			isa = XCBuildConfiguration;
			buildSettings = {
				ALWAYS_SEARCH_USER_PATHS = NO;
				CLANG_CXX_LANGUAGE_STANDARD = "gnu++0x";
				CLANG_CXX_LIBRARY = "libc++";
				CLANG_ENABLE_MODULES = YES;
				CLANG_ENABLE_OBJC_ARC = YES;
				CLANG_WARN_BOOL_CONVERSION = YES;
				CLANG_WARN_CONSTANT_CONVERSION = YES;
				CLANG_WARN_DIRECT_OBJC_ISA_USAGE = YES_ERROR;
				CLANG_WARN_EMPTY_BODY = YES;
				CLANG_WARN_ENUM_CONVERSION = YES;
				CLANG_WARN_INT_CONVERSION = YES;
				CLANG_WARN_OBJC_ROOT_CLASS = YES_ERROR;
				CLANG_WARN_UNREACHABLE_CODE = YES;
				CLANG_WARN__DUPLICATE_METHOD_MATCH = YES;
				"CODE_SIGN_IDENTITY[sdk=iphoneos*]" = "iPhone Developer";
				COPY_PHASE_STRIP = YES;
				ENABLE_NS_ASSERTIONS = NO;
				ENABLE_STRICT_OBJC_MSGSEND = YES;
				GCC_C_LANGUAGE_STANDARD = gnu99;
				GCC_WARN_64_TO_32_BIT_CONVERSION = YES;
				GCC_WARN_ABOUT_RETURN_TYPE = YES_ERROR;
				GCC_WARN_UNDECLARED_SELECTOR = YES;
				GCC_WARN_UNINITIALIZED_AUTOS = YES_AGGRESSIVE;
				GCC_WARN_UNUSED_FUNCTION = YES;
				GCC_WARN_UNUSED_VARIABLE = YES;
				IPHONEOS_DEPLOYMENT_TARGET = 8.1;
				MTL_ENABLE_DEBUG_INFO = NO;
				SDKROOT = iphoneos;
				TARGETED_DEVICE_FAMILY = "1,2";
				VALIDATE_PRODUCT = YES;
			};
			name = Release;
		};
		636ADB3C1A02DD8700C9CA36 /* Debug */ = {
			isa = XCBuildConfiguration;
			buildSettings = {
				ASSETCATALOG_COMPILER_APPICON_NAME = AppIcon;
				INFOPLIST_FILE = ExchangeAGram/Info.plist;
				LD_RUNPATH_SEARCH_PATHS = "$(inherited) @executable_path/Frameworks";
				PRODUCT_NAME = "$(TARGET_NAME)";
			};
			name = Debug;
		};
		636ADB3D1A02DD8700C9CA36 /* Release */ = {
			isa = XCBuildConfiguration;
			buildSettings = {
				ASSETCATALOG_COMPILER_APPICON_NAME = AppIcon;
				INFOPLIST_FILE = ExchangeAGram/Info.plist;
				LD_RUNPATH_SEARCH_PATHS = "$(inherited) @executable_path/Frameworks";
				PRODUCT_NAME = "$(TARGET_NAME)";
			};
			name = Release;
		};
		636ADB3F1A02DD8700C9CA36 /* Debug */ = {
			isa = XCBuildConfiguration;
			buildSettings = {
				BUNDLE_LOADER = "$(TEST_HOST)";
				FRAMEWORK_SEARCH_PATHS = (
					"$(SDKROOT)/Developer/Library/Frameworks",
					"$(inherited)",
				);
				GCC_PREPROCESSOR_DEFINITIONS = (
					"DEBUG=1",
					"$(inherited)",
				);
				INFOPLIST_FILE = ExchangeAGramTests/Info.plist;
				LD_RUNPATH_SEARCH_PATHS = "$(inherited) @executable_path/Frameworks @loader_path/Frameworks";
				PRODUCT_NAME = "$(TARGET_NAME)";
				TEST_HOST = "$(BUILT_PRODUCTS_DIR)/ExchangeAGram.app/ExchangeAGram";
			};
			name = Debug;
		};
		636ADB401A02DD8700C9CA36 /* Release */ = {
			isa = XCBuildConfiguration;
			buildSettings = {
				BUNDLE_LOADER = "$(TEST_HOST)";
				FRAMEWORK_SEARCH_PATHS = (
					"$(SDKROOT)/Developer/Library/Frameworks",
					"$(inherited)",
				);
				INFOPLIST_FILE = ExchangeAGramTests/Info.plist;
				LD_RUNPATH_SEARCH_PATHS = "$(inherited) @executable_path/Frameworks @loader_path/Frameworks";
				PRODUCT_NAME = "$(TARGET_NAME)";
				TEST_HOST = "$(BUILT_PRODUCTS_DIR)/ExchangeAGram.app/ExchangeAGram";
			};
			name = Release;
		};
/* End XCBuildConfiguration section */

/* Begin XCConfigurationList section */
		636ADB141A02DD8700C9CA36 /* Build configuration list for PBXProject "ExchangeAGram" */ = {
			isa = XCConfigurationList;
			buildConfigurations = (
				636ADB391A02DD8700C9CA36 /* Debug */,
				636ADB3A1A02DD8700C9CA36 /* Release */,
			);
			defaultConfigurationIsVisible = 0;
			defaultConfigurationName = Release;
		};
		636ADB3B1A02DD8700C9CA36 /* Build configuration list for PBXNativeTarget "ExchangeAGram" */ = {
			isa = XCConfigurationList;
			buildConfigurations = (
				636ADB3C1A02DD8700C9CA36 /* Debug */,
				636ADB3D1A02DD8700C9CA36 /* Release */,
			);
			defaultConfigurationIsVisible = 0;
			defaultConfigurationName = Release;
		};
		636ADB3E1A02DD8700C9CA36 /* Build configuration list for PBXNativeTarget "ExchangeAGramTests" */ = {
			isa = XCConfigurationList;
			buildConfigurations = (
				636ADB3F1A02DD8700C9CA36 /* Debug */,
				636ADB401A02DD8700C9CA36 /* Release */,
			);
			defaultConfigurationIsVisible = 0;
			defaultConfigurationName = Release;
		};
/* End XCConfigurationList section */

/* Begin XCVersionGroup section */
		636ADB201A02DD8700C9CA36 /* ExchangeAGram.xcdatamodeld */ = {
			isa = XCVersionGroup;
			children = (
				636ADB211A02DD8700C9CA36 /* ExchangeAGram.xcdatamodel */,
			);
			currentVersion = 636ADB211A02DD8700C9CA36 /* ExchangeAGram.xcdatamodel */;
			path = ExchangeAGram.xcdatamodeld;
			sourceTree = "<group>";
			versionGroupType = wrapper.xcdatamodel;
		};
/* End XCVersionGroup section */
	};
	rootObject = 636ADB111A02DD8700C9CA36 /* Project object */;
}
